
Microsoft Visual Studio Solution File, Format Version 12.00
# Visual Studio Version 17
VisualStudioVersion = 17.0.31903.59
MinimumVisualStudioVersion = 10.0.40219.1
Project("{FAE04EC0-301F-11D3-BF4B-00C04F79EFBC}") = "DevEncurtaUrl.API", "DevEncurtaUrl.API\DevEncurtaUrl.API.csproj", "{BB46000A-8631-4645-82A2-05E91D1A399A}"
EndProject
Project("{FAE04EC0-301F-11D3-BF4B-00C04F79EFBC}") = "DevEncurtaUrl.UnitTests", "DevEncurtaUrl.UnitTests\DevEncurtaUrl.UnitTests.csproj", "{AFE79334-9E69-40E1-B9C0-1772EE4F4997}"
EndProject
Global
	GlobalSection(SolutionConfigurationPlatforms) = preSolution
		Debug|Any CPU = Debug|Any CPU
		Release|Any CPU = Release|Any CPU
	EndGlobalSection
	GlobalSection(SolutionProperties) = preSolution
		HideSolutionNode = FALSE
	EndGlobalSection
	GlobalSection(ProjectConfigurationPlatforms) = postSolution
		{BB46000A-8631-4645-82A2-05E91D1A399A}.Debug|Any CPU.ActiveCfg = Debug|Any CPU
		{BB46000A-8631-4645-82A2-05E91D1A399A}.Debug|Any CPU.Build.0 = Debug|Any CPU
		{BB46000A-8631-4645-82A2-05E91D1A399A}.Release|Any CPU.ActiveCfg = Release|Any CPU
		{BB46000A-8631-4645-82A2-05E91D1A399A}.Release|Any CPU.Build.0 = Release|Any CPU
		{AFE79334-9E69-40E1-B9C0-1772EE4F4997}.Debug|Any CPU.ActiveCfg = Debug|Any CPU
		{AFE79334-9E69-40E1-B9C0-1772EE4F4997}.Debug|Any CPU.Build.0 = Debug|Any CPU
		{AFE79334-9E69-40E1-B9C0-1772EE4F4997}.Release|Any CPU.ActiveCfg = Release|Any CPU
		{AFE79334-9E69-40E1-B9C0-1772EE4F4997}.Release|Any CPU.Build.0 = Release|Any CPU
	EndGlobalSection
EndGlobal
